// !$*UTF8*$!
{
	archiveVersion = 1;
	classes = {
	};
	objectVersion = 46;
	objects = {

/* Begin PBXBuildFile section */
		D60BA3731994F08000DB3412 /* Foundation.framework in Frameworks */ = {isa = PBXBuildFile; fileRef = D60BA3721994F08000DB3412 /* Foundation.framework */; };
		D60BA3751994F08000DB3412 /* CoreGraphics.framework in Frameworks */ = {isa = PBXBuildFile; fileRef = D60BA3741994F08000DB3412 /* CoreGraphics.framework */; };
		D60BA3771994F08000DB3412 /* UIKit.framework in Frameworks */ = {isa = PBXBuildFile; fileRef = D60BA3761994F08000DB3412 /* UIKit.framework */; };
		D60BA37D1994F08000DB3412 /* InfoPlist.strings in Resources */ = {isa = PBXBuildFile; fileRef = D60BA37B1994F08000DB3412 /* InfoPlist.strings */; };
		D60BA37F1994F08000DB3412 /* main.m in Sources */ = {isa = PBXBuildFile; fileRef = D60BA37E1994F08000DB3412 /* main.m */; };
		D60BA3831994F08000DB3412 /* AppDelegate.m in Sources */ = {isa = PBXBuildFile; fileRef = D60BA3821994F08000DB3412 /* AppDelegate.m */; };
		D60BA3861994F08000DB3412 /* Main.storyboard in Resources */ = {isa = PBXBuildFile; fileRef = D60BA3841994F08000DB3412 /* Main.storyboard */; };
		D60BA3891994F08000DB3412 /* ViewController.m in Sources */ = {isa = PBXBuildFile; fileRef = D60BA3881994F08000DB3412 /* ViewController.m */; };
		D60BA38B1994F08000DB3412 /* Images.xcassets in Resources */ = {isa = PBXBuildFile; fileRef = D60BA38A1994F08000DB3412 /* Images.xcassets */; };
		D60BA3921994F08100DB3412 /* XCTest.framework in Frameworks */ = {isa = PBXBuildFile; fileRef = D60BA3911994F08100DB3412 /* XCTest.framework */; };
		D60BA3931994F08100DB3412 /* Foundation.framework in Frameworks */ = {isa = PBXBuildFile; fileRef = D60BA3721994F08000DB3412 /* Foundation.framework */; };
		D60BA3941994F08100DB3412 /* UIKit.framework in Frameworks */ = {isa = PBXBuildFile; fileRef = D60BA3761994F08000DB3412 /* UIKit.framework */; };
		D60BA39C1994F08100DB3412 /* InfoPlist.strings in Resources */ = {isa = PBXBuildFile; fileRef = D60BA39A1994F08100DB3412 /* InfoPlist.strings */; };
		D60BA39E1994F08100DB3412 /* WebSearchTests.m in Sources */ = {isa = PBXBuildFile; fileRef = D60BA39D1994F08100DB3412 /* WebSearchTests.m */; };
/* End PBXBuildFile section */

/* Begin PBXContainerItemProxy section */
		D60BA3951994F08100DB3412 /* PBXContainerItemProxy */ = {
			isa = PBXContainerItemProxy;
			containerPortal = D60BA3671994F08000DB3412 /* Project object */;
			proxyType = 1;
			remoteGlobalIDString = D60BA36E1994F08000DB3412;
			remoteInfo = WebSearch;
		};
/* End PBXContainerItemProxy section */

/* Begin PBXFileReference section */
		D60BA36F1994F08000DB3412 /* WebSearch.app */ = {isa = PBXFileReference; explicitFileType = wrapper.application; includeInIndex = 0; path = WebSearch.app; sourceTree = BUILT_PRODUCTS_DIR; };
		D60BA3721994F08000DB3412 /* Foundation.framework */ = {isa = PBXFileReference; lastKnownFileType = wrapper.framework; name = Foundation.framework; path = System/Library/Frameworks/Foundation.framework; sourceTree = SDKROOT; };
		D60BA3741994F08000DB3412 /* CoreGraphics.framework */ = {isa = PBXFileReference; lastKnownFileType = wrapper.framework; name = CoreGraphics.framework; path = System/Library/Frameworks/CoreGraphics.framework; sourceTree = SDKROOT; };
		D60BA3761994F08000DB3412 /* UIKit.framework */ = {isa = PBXFileReference; lastKnownFileType = wrapper.framework; name = UIKit.framework; path = System/Library/Frameworks/UIKit.framework; sourceTree = SDKROOT; };
		D60BA37A1994F08000DB3412 /* WebSearch-Info.plist */ = {isa = PBXFileReference; lastKnownFileType = text.plist.xml; path = "WebSearch-Info.plist"; sourceTree = "<group>"; };
		D60BA37C1994F08000DB3412 /* en */ = {isa = PBXFileReference; lastKnownFileType = text.plist.strings; name = en; path = en.lproj/InfoPlist.strings; sourceTree = "<group>"; };
		D60BA37E1994F08000DB3412 /* main.m */ = {isa = PBXFileReference; lastKnownFileType = sourcecode.c.objc; path = main.m; sourceTree = "<group>"; };
		D60BA3801994F08000DB3412 /* WebSearch-Prefix.pch */ = {isa = PBXFileReference; lastKnownFileType = sourcecode.c.h; path = "WebSearch-Prefix.pch"; sourceTree = "<group>"; };
		D60BA3811994F08000DB3412 /* AppDelegate.h */ = {isa = PBXFileReference; lastKnownFileType = sourcecode.c.h; path = AppDelegate.h; sourceTree = "<group>"; };
		D60BA3821994F08000DB3412 /* AppDelegate.m */ = {isa = PBXFileReference; lastKnownFileType = sourcecode.c.objc; path = AppDelegate.m; sourceTree = "<group>"; };
		D60BA3851994F08000DB3412 /* Base */ = {isa = PBXFileReference; lastKnownFileType = file.storyboard; name = Base; path = Base.lproj/Main.storyboard; sourceTree = "<group>"; };
		D60BA3871994F08000DB3412 /* ViewController.h */ = {isa = PBXFileReference; lastKnownFileType = sourcecode.c.h; path = ViewController.h; sourceTree = "<group>"; };
		D60BA3881994F08000DB3412 /* ViewController.m */ = {isa = PBXFileReference; lastKnownFileType = sourcecode.c.objc; path = ViewController.m; sourceTree = "<group>"; };
		D60BA38A1994F08000DB3412 /* Images.xcassets */ = {isa = PBXFileReference; lastKnownFileType = folder.assetcatalog; path = Images.xcassets; sourceTree = "<group>"; };
		D60BA3901994F08100DB3412 /* WebSearchTests.xctest */ = {isa = PBXFileReference; explicitFileType = wrapper.cfbundle; includeInIndex = 0; path = WebSearchTests.xctest; sourceTree = BUILT_PRODUCTS_DIR; };
		D60BA3911994F08100DB3412 /* XCTest.framework */ = {isa = PBXFileReference; lastKnownFileType = wrapper.framework; name = XCTest.framework; path = Library/Frameworks/XCTest.framework; sourceTree = DEVELOPER_DIR; };
		D60BA3991994F08100DB3412 /* WebSearchTests-Info.plist */ = {isa = PBXFileReference; lastKnownFileType = text.plist.xml; path = "WebSearchTests-Info.plist"; sourceTree = "<group>"; };
		D60BA39B1994F08100DB3412 /* en */ = {isa = PBXFileReference; lastKnownFileType = text.plist.strings; name = en; path = en.lproj/InfoPlist.strings; sourceTree = "<group>"; };
		D60BA39D1994F08100DB3412 /* WebSearchTests.m */ = {isa = PBXFileReference; lastKnownFileType = sourcecode.c.objc; path = WebSearchTests.m; sourceTree = "<group>"; };
/* End PBXFileReference section */

/* Begin PBXFrameworksBuildPhase section */
		D60BA36C1994F08000DB3412 /* Frameworks */ = {
			isa = PBXFrameworksBuildPhase;
			buildActionMask = 2147483647;
			files = (
				D60BA3751994F08000DB3412 /* CoreGraphics.framework in Frameworks */,
				D60BA3771994F08000DB3412 /* UIKit.framework in Frameworks */,
				D60BA3731994F08000DB3412 /* Foundation.framework in Frameworks */,
			);
			runOnlyForDeploymentPostprocessing = 0;
		};
		D60BA38D1994F08100DB3412 /* Frameworks */ = {
			isa = PBXFrameworksBuildPhase;
			buildActionMask = 2147483647;
			files = (
				D60BA3921994F08100DB3412 /* XCTest.framework in Frameworks */,
				D60BA3941994F08100DB3412 /* UIKit.framework in Frameworks */,
				D60BA3931994F08100DB3412 /* Foundation.framework in Frameworks */,
			);
			runOnlyForDeploymentPostprocessing = 0;
		};
/* End PBXFrameworksBuildPhase section */

/* Begin PBXGroup section */
		D60BA3661994F08000DB3412 = {
			isa = PBXGroup;
			children = (
				D60BA3781994F08000DB3412 /* WebSearch */,
				D60BA3971994F08100DB3412 /* WebSearchTests */,
				D60BA3711994F08000DB3412 /* Frameworks */,
				D60BA3701994F08000DB3412 /* Products */,
			);
			sourceTree = "<group>";
		};
		D60BA3701994F08000DB3412 /* Products */ = {
			isa = PBXGroup;
			children = (
				D60BA36F1994F08000DB3412 /* WebSearch.app */,
				D60BA3901994F08100DB3412 /* WebSearchTests.xctest */,
			);
			name = Products;
			sourceTree = "<group>";
		};
		D60BA3711994F08000DB3412 /* Frameworks */ = {
			isa = PBXGroup;
			children = (
				D60BA3721994F08000DB3412 /* Foundation.framework */,
				D60BA3741994F08000DB3412 /* CoreGraphics.framework */,
				D60BA3761994F08000DB3412 /* UIKit.framework */,
				D60BA3911994F08100DB3412 /* XCTest.framework */,
			);
			name = Frameworks;
			sourceTree = "<group>";
		};
		D60BA3781994F08000DB3412 /* WebSearch */ = {
			isa = PBXGroup;
			children = (
				D60BA3811994F08000DB3412 /* AppDelegate.h */,
				D60BA3821994F08000DB3412 /* AppDelegate.m */,
				D60BA3841994F08000DB3412 /* Main.storyboard */,
				D60BA3871994F08000DB3412 /* ViewController.h */,
				D60BA3881994F08000DB3412 /* ViewController.m */,
				D60BA38A1994F08000DB3412 /* Images.xcassets */,
				D60BA3791994F08000DB3412 /* Supporting Files */,
			);
			path = WebSearch;
			sourceTree = "<group>";
		};
		D60BA3791994F08000DB3412 /* Supporting Files */ = {
			isa = PBXGroup;
			children = (
				D60BA37A1994F08000DB3412 /* WebSearch-Info.plist */,
				D60BA37B1994F08000DB3412 /* InfoPlist.strings */,
				D60BA37E1994F08000DB3412 /* main.m */,
				D60BA3801994F08000DB3412 /* WebSearch-Prefix.pch */,
			);
			name = "Supporting Files";
			sourceTree = "<group>";
		};
		D60BA3971994F08100DB3412 /* WebSearchTests */ = {
			isa = PBXGroup;
			children = (
				D60BA39D1994F08100DB3412 /* WebSearchTests.m */,
				D60BA3981994F08100DB3412 /* Supporting Files */,
			);
			path = WebSearchTests;
			sourceTree = "<group>";
		};
		D60BA3981994F08100DB3412 /* Supporting Files */ = {
			isa = PBXGroup;
			children = (
				D60BA3991994F08100DB3412 /* WebSearchTests-Info.plist */,
				D60BA39A1994F08100DB3412 /* InfoPlist.strings */,
			);
			name = "Supporting Files";
			sourceTree = "<group>";
		};
/* End PBXGroup section */

/* Begin PBXNativeTarget section */
		D60BA36E1994F08000DB3412 /* WebSearch */ = {
			isa = PBXNativeTarget;
			buildConfigurationList = D60BA3A11994F08100DB3412 /* Build configuration list for PBXNativeTarget "WebSearch" */;
			buildPhases = (
				D60BA36B1994F08000DB3412 /* Sources */,
				D60BA36C1994F08000DB3412 /* Frameworks */,
				D60BA36D1994F08000DB3412 /* Resources */,
			);
			buildRules = (
			);
			dependencies = (
			);
			name = WebSearch;
			productName = WebSearch;
			productReference = D60BA36F1994F08000DB3412 /* WebSearch.app */;
			productType = "com.apple.product-type.application";
		};
		D60BA38F1994F08100DB3412 /* WebSearchTests */ = {
			isa = PBXNativeTarget;
			buildConfigurationList = D60BA3A41994F08100DB3412 /* Build configuration list for PBXNativeTarget "WebSearchTests" */;
			buildPhases = (
				D60BA38C1994F08100DB3412 /* Sources */,
				D60BA38D1994F08100DB3412 /* Frameworks */,
				D60BA38E1994F08100DB3412 /* Resources */,
			);
			buildRules = (
			);
			dependencies = (
				D60BA3961994F08100DB3412 /* PBXTargetDependency */,
			);
			name = WebSearchTests;
			productName = WebSearchTests;
			productReference = D60BA3901994F08100DB3412 /* WebSearchTests.xctest */;
			productType = "com.apple.product-type.bundle.unit-test";
		};
/* End PBXNativeTarget section */

/* Begin PBXProject section */
		D60BA3671994F08000DB3412 /* Project object */ = {
			isa = PBXProject;
			attributes = {
				LastUpgradeCheck = 0510;
				ORGANIZATIONNAME = "Настя";
				TargetAttributes = {
					D60BA38F1994F08100DB3412 = {
						TestTargetID = D60BA36E1994F08000DB3412;
					};
				};
			};
			buildConfigurationList = D60BA36A1994F08000DB3412 /* Build configuration list for PBXProject "WebSearch" */;
			compatibilityVersion = "Xcode 3.2";
			developmentRegion = English;
			hasScannedForEncodings = 0;
			knownRegions = (
				en,
				Base,
			);
			mainGroup = D60BA3661994F08000DB3412;
			productRefGroup = D60BA3701994F08000DB3412 /* Products */;
			projectDirPath = "";
			projectRoot = "";
			targets = (
				D60BA36E1994F08000DB3412 /* WebSearch */,
				D60BA38F1994F08100DB3412 /* WebSearchTests */,
			);
		};
/* End PBXProject section */

/* Begin PBXResourcesBuildPhase section */
		D60BA36D1994F08000DB3412 /* Resources */ = {
			isa = PBXResourcesBuildPhase;
			buildActionMask = 2147483647;
			files = (
				D60BA38B1994F08000DB3412 /* Images.xcassets in Resources */,
				D60BA37D1994F08000DB3412 /* InfoPlist.strings in Resources */,
				D60BA3861994F08000DB3412 /* Main.storyboard in Resources */,
			);
			runOnlyForDeploymentPostprocessing = 0;
		};
		D60BA38E1994F08100DB3412 /* Resources */ = {
			isa = PBXResourcesBuildPhase;
			buildActionMask = 2147483647;
			files = (
				D60BA39C1994F08100DB3412 /* InfoPlist.strings in Resources */,
			);
			runOnlyForDeploymentPostprocessing = 0;
		};
/* End PBXResourcesBuildPhase section */

/* Begin PBXSourcesBuildPhase section */
		D60BA36B1994F08000DB3412 /* Sources */ = {
			isa = PBXSourcesBuildPhase;
			buildActionMask = 2147483647;
			files = (
				D60BA3891994F08000DB3412 /* ViewController.m in Sources */,
				D60BA3831994F08000DB3412 /* AppDelegate.m in Sources */,
				D60BA37F1994F08000DB3412 /* main.m in Sources */,
			);
			runOnlyForDeploymentPostprocessing = 0;
		};
		D60BA38C1994F08100DB3412 /* Sources */ = {
			isa = PBXSourcesBuildPhase;
			buildActionMask = 2147483647;
			files = (
				D60BA39E1994F08100DB3412 /* WebSearchTests.m in Sources */,
			);
			runOnlyForDeploymentPostprocessing = 0;
		};
/* End PBXSourcesBuildPhase section */

/* Begin PBXTargetDependency section */
		D60BA3961994F08100DB3412 /* PBXTargetDependency */ = {
			isa = PBXTargetDependency;
			target = D60BA36E1994F08000DB3412 /* WebSearch */;
			targetProxy = D60BA3951994F08100DB3412 /* PBXContainerItemProxy */;
		};
/* End PBXTargetDependency section */

/* Begin PBXVariantGroup section */
		D60BA37B1994F08000DB3412 /* InfoPlist.strings */ = {
			isa = PBXVariantGroup;
			children = (
				D60BA37C1994F08000DB3412 /* en */,
			);
			name = InfoPlist.strings;
			sourceTree = "<group>";
		};
		D60BA3841994F08000DB3412 /* Main.storyboard */ = {
			isa = PBXVariantGroup;
			children = (
				D60BA3851994F08000DB3412 /* Base */,
			);
			name = Main.storyboard;
			sourceTree = "<group>";
		};
		D60BA39A1994F08100DB3412 /* InfoPlist.strings */ = {
			isa = PBXVariantGroup;
			children = (
				D60BA39B1994F08100DB3412 /* en */,
			);
			name = InfoPlist.strings;
			sourceTree = "<group>";
		};
/* End PBXVariantGroup section */

/* Begin XCBuildConfiguration section */
		D60BA39F1994F08100DB3412 /* Debug */ = {
			isa = XCBuildConfiguration;
			buildSettings = {
				ALWAYS_SEARCH_USER_PATHS = NO;
				CLANG_CXX_LANGUAGE_STANDARD = "gnu++0x";
				CLANG_CXX_LIBRARY = "libc++";
				CLANG_ENABLE_MODULES = YES;
				CLANG_ENABLE_OBJC_ARC = YES;
				CLANG_WARN_BOOL_CONVERSION = YES;
				CLANG_WARN_CONSTANT_CONVERSION = YES;
				CLANG_WARN_DIRECT_OBJC_ISA_USAGE = YES_ERROR;
				CLANG_WARN_EMPTY_BODY = YES;
				CLANG_WARN_ENUM_CONVERSION = YES;
				CLANG_WARN_INT_CONVERSION = YES;
				CLANG_WARN_OBJC_ROOT_CLASS = YES_ERROR;
				CLANG_WARN__DUPLICATE_METHOD_MATCH = YES;
				"CODE_SIGN_IDENTITY[sdk=iphoneos*]" = "iPhone Developer";
				COPY_PHASE_STRIP = NO;
				GCC_C_LANGUAGE_STANDARD = gnu99;
				GCC_DYNAMIC_NO_PIC = NO;
				GCC_OPTIMIZATION_LEVEL = 0;
				GCC_PREPROCESSOR_DEFINITIONS = (
					"DEBUG=1",
					"$(inherited)",
				);
				GCC_SYMBOLS_PRIVATE_EXTERN = NO;
				GCC_WARN_64_TO_32_BIT_CONVERSION = YES;
				GCC_WARN_ABOUT_RETURN_TYPE = YES_ERROR;
				GCC_WARN_UNDECLARED_SELECTOR = YES;
				GCC_WARN_UNINITIALIZED_AUTOS = YES_AGGRESSIVE;
				GCC_WARN_UNUSED_FUNCTION = YES;
				GCC_WARN_UNUSED_VARIABLE = YES;
				IPHONEOS_DEPLOYMENT_TARGET = 7.1;
				ONLY_ACTIVE_ARCH = YES;
				SDKROOT = iphoneos;
			};
			name = Debug;
		};
		D60BA3A01994F08100DB3412 /* Release */ = {
			isa = XCBuildConfiguration;
			buildSettings = {
				ALWAYS_SEARCH_USER_PATHS = NO;
				CLANG_CXX_LANGUAGE_STANDARD = "gnu++0x";
				CLANG_CXX_LIBRARY = "libc++";
				CLANG_ENABLE_MODULES = YES;
				CLANG_ENABLE_OBJC_ARC = YES;
				CLANG_WARN_BOOL_CONVERSION = YES;
				CLANG_WARN_CONSTANT_CONVERSION = YES;
				CLANG_WARN_DIRECT_OBJC_ISA_USAGE = YES_ERROR;
				CLANG_WARN_EMPTY_BODY = YES;
				CLANG_WARN_ENUM_CONVERSION = YES;
				CLANG_WARN_INT_CONVERSION = YES;
				CLANG_WARN_OBJC_ROOT_CLASS = YES_ERROR;
				CLANG_WARN__DUPLICATE_METHOD_MATCH = YES;
				"CODE_SIGN_IDENTITY[sdk=iphoneos*]" = "iPhone Developer";
				COPY_PHASE_STRIP = YES;
				ENABLE_NS_ASSERTIONS = NO;
				GCC_C_LANGUAGE_STANDARD = gnu99;
				GCC_WARN_64_TO_32_BIT_CONVERSION = YES;
				GCC_WARN_ABOUT_RETURN_TYPE = YES_ERROR;
				GCC_WARN_UNDECLARED_SELECTOR = YES;
				GCC_WARN_UNINITIALIZED_AUTOS = YES_AGGRESSIVE;
				GCC_WARN_UNUSED_FUNCTION = YES;
				GCC_WARN_UNUSED_VARIABLE = YES;
				IPHONEOS_DEPLOYMENT_TARGET = 7.1;
				SDKROOT = iphoneos;
				VALIDATE_PRODUCT = YES;
			};
			name = Release;
		};
		D60BA3A21994F08100DB3412 /* Debug */ = {
			isa = XCBuildConfiguration;
			buildSettings = {
				ASSETCATALOG_COMPILER_APPICON_NAME = AppIcon;
				ASSETCATALOG_COMPILER_LAUNCHIMAGE_NAME = LaunchImage;
				GCC_PRECOMPILE_PREFIX_HEADER = YES;
				GCC_PREFIX_HEADER = "WebSearch/WebSearch-Prefix.pch";
				INFOPLIST_FILE = "WebSearch/WebSearch-Info.plist";
				PRODUCT_NAME = "$(TARGET_NAME)";
				WRAPPER_EXTENSION = app;
			};
			name = Debug;
		};
		D60BA3A31994F08100DB3412 /* Release */ = {
			isa = XCBuildConfiguration;
			buildSettings = {
				ASSETCATALOG_COMPILER_APPICON_NAME = AppIcon;
				ASSETCATALOG_COMPILER_LAUNCHIMAGE_NAME = LaunchImage;
				GCC_PRECOMPILE_PREFIX_HEADER = YES;
				GCC_PREFIX_HEADER = "WebSearch/WebSearch-Prefix.pch";
				INFOPLIST_FILE = "WebSearch/WebSearch-Info.plist";
				PRODUCT_NAME = "$(TARGET_NAME)";
				WRAPPER_EXTENSION = app;
			};
			name = Release;
		};
		D60BA3A51994F08100DB3412 /* Debug */ = {
			isa = XCBuildConfiguration;
			buildSettings = {
				BUNDLE_LOADER = "$(BUILT_PRODUCTS_DIR)/WebSearch.app/WebSearch";
				FRAMEWORK_SEARCH_PATHS = (
					"$(SDKROOT)/Developer/Library/Frameworks",
					"$(inherited)",
					"$(DEVELOPER_FRAMEWORKS_DIR)",
				);
				GCC_PRECOMPILE_PREFIX_HEADER = YES;
				GCC_PREFIX_HEADER = "WebSearch/WebSearch-Prefix.pch";
				GCC_PREPROCESSOR_DEFINITIONS = (
					"DEBUG=1",
					"$(inherited)",
				);
				INFOPLIST_FILE = "WebSearchTests/WebSearchTests-Info.plist";
				PRODUCT_NAME = "$(TARGET_NAME)";
				TEST_HOST = "$(BUNDLE_LOADER)";
				WRAPPER_EXTENSION = xctest;
			};
			name = Debug;
		};
		D60BA3A61994F08100DB3412 /* Release */ = {
			isa = XCBuildConfiguration;
			buildSettings = {
				BUNDLE_LOADER = "$(BUILT_PRODUCTS_DIR)/WebSearch.app/WebSearch";
				FRAMEWORK_SEARCH_PATHS = (
					"$(SDKROOT)/Developer/Library/Frameworks",
					"$(inherited)",
					"$(DEVELOPER_FRAMEWORKS_DIR)",
				);
				GCC_PRECOMPILE_PREFIX_HEADER = YES;
				GCC_PREFIX_HEADER = "WebSearch/WebSearch-Prefix.pch";
				INFOPLIST_FILE = "WebSearchTests/WebSearchTests-Info.plist";
				PRODUCT_NAME = "$(TARGET_NAME)";
				TEST_HOST = "$(BUNDLE_LOADER)";
				WRAPPER_EXTENSION = xctest;
			};
			name = Release;
		};
/* End XCBuildConfiguration section */

/* Begin XCConfigurationList section */
		D60BA36A1994F08000DB3412 /* Build configuration list for PBXProject "WebSearch" */ = {
			isa = XCConfigurationList;
			buildConfigurations = (
				D60BA39F1994F08100DB3412 /* Debug */,
				D60BA3A01994F08100DB3412 /* Release */,
			);
			defaultConfigurationIsVisible = 0;
			defaultConfigurationName = Release;
		};
		D60BA3A11994F08100DB3412 /* Build configuration list for PBXNativeTarget "WebSearch" */ = {
			isa = XCConfigurationList;
			buildConfigurations = (
				D60BA3A21994F08100DB3412 /* Debug */,
				D60BA3A31994F08100DB3412 /* Release */,
			);
			defaultConfigurationIsVisible = 0;
		};
		D60BA3A41994F08100DB3412 /* Build configuration list for PBXNativeTarget "WebSearchTests" */ = {
			isa = XCConfigurationList;
			buildConfigurations = (
				D60BA3A51994F08100DB3412 /* Debug */,
				D60BA3A61994F08100DB3412 /* Release */,
			);
			defaultConfigurationIsVisible = 0;
		};
/* End XCConfigurationList section */
	};
	rootObject = D60BA3671994F08000DB3412 /* Project object */;
}
